
Microsoft Visual Studio Solution File, Format Version 12.00
# Visual Studio 2013
VisualStudioVersion = 12.0.30501.0
MinimumVisualStudioVersion = 10.0.40219.1
Project("{FAE04EC0-301F-11D3-BF4B-00C04F79EFBC}") = "conestogacinema_project", "conestogacinema_project\conestogacinema_project.csproj", "{A0174101-AAD6-41D1-A995-60826D2CDA17}"
EndProject
Global
	GlobalSection(SolutionConfigurationPlatforms) = preSolution
		Debug|Any CPU = Debug|Any CPU
		Release|Any CPU = Release|Any CPU
	EndGlobalSection
	GlobalSection(ProjectConfigurationPlatforms) = postSolution
		{A0174101-AAD6-41D1-A995-60826D2CDA17}.Debug|Any CPU.ActiveCfg = Debug|Any CPU
		{A0174101-AAD6-41D1-A995-60826D2CDA17}.Debug|Any CPU.Build.0 = Debug|Any CPU
		{A0174101-AAD6-41D1-A995-60826D2CDA17}.Release|Any CPU.ActiveCfg = Release|Any CPU
		{A0174101-AAD6-41D1-A995-60826D2CDA17}.Release|Any CPU.Build.0 = Release|Any CPU
	EndGlobalSection
	GlobalSection(SolutionProperties) = preSolution
		HideSolutionNode = FALSE
	EndGlobalSection
EndGlobal
